
Microsoft Visual Studio Solution File, Format Version 12.00
# Visual Studio Version 16
VisualStudioVersion = 16.0.30907.101
MinimumVisualStudioVersion = 10.0.40219.1
Project("{E24C65DC-7377-472B-9ABA-BC803B73C61A}") = "Applications", ".", "{E2CD4485-D4FD-4A0F-B05F-80C8D19799F7}"
	ProjectSection(WebsiteProperties) = preProject
		TargetFrameworkMoniker = ".NETFramework,Version%3Dv4.0"
		Debug.AspNetCompiler.VirtualPath = "/localhost_49999"
		Debug.AspNetCompiler.PhysicalPath = "..\RCGPriceUpdater\"
		Debug.AspNetCompiler.TargetPath = "PrecompiledWeb\localhost_49999\"
		Debug.AspNetCompiler.Updateable = "true"
		Debug.AspNetCompiler.ForceOverwrite = "true"
		Debug.AspNetCompiler.FixedNames = "false"
		Debug.AspNetCompiler.Debug = "True"
		Release.AspNetCompiler.VirtualPath = "/localhost_49999"
		Release.AspNetCompiler.PhysicalPath = "..\RCGPriceUpdater\"
		Release.AspNetCompiler.TargetPath = "PrecompiledWeb\localhost_49999\"
		Release.AspNetCompiler.Updateable = "true"
		Release.AspNetCompiler.ForceOverwrite = "true"
		Release.AspNetCompiler.FixedNames = "false"
		Release.AspNetCompiler.Debug = "False"
		VWDPort = "49999"
		SlnRelativePath = "..\RCGPriceUpdater\"
	EndProjectSection
EndProject
Global
	GlobalSection(SolutionConfigurationPlatforms) = preSolution
		Debug|Any CPU = Debug|Any CPU
	EndGlobalSection
	GlobalSection(ProjectConfigurationPlatforms) = postSolution
		{E2CD4485-D4FD-4A0F-B05F-80C8D19799F7}.Debug|Any CPU.ActiveCfg = Debug|Any CPU
		{E2CD4485-D4FD-4A0F-B05F-80C8D19799F7}.Debug|Any CPU.Build.0 = Debug|Any CPU
	EndGlobalSection
	GlobalSection(SolutionProperties) = preSolution
		HideSolutionNode = FALSE
	EndGlobalSection
	GlobalSection(ExtensibilityGlobals) = postSolution
		SolutionGuid = {D0907A4D-4C06-47C7-AC6D-60D960E85C09}
	EndGlobalSection
EndGlobal
